
Microsoft Visual Studio Solution File, Format Version 12.00
# Visual Studio 14
VisualStudioVersion = 14.0.25420.1
MinimumVisualStudioVersion = 10.0.40219.1
Project("{8BC9CEB8-8B4A-11D0-8D11-00A0C91BC942}") = "Sandbox", "Sandbox\Sandbox.vcxproj", "{FE22CC37-176C-4AD8-94F5-E85216785E04}"
EndProject
Project("{8BC9CEB8-8B4A-11D0-8D11-00A0C91BC942}") = "Hazel", "Hazel\Hazel.vcxproj", "{8894C5FA-0C5E-40D8-8FA2-EE2A9AFE528B}"
EndProject
Global
	GlobalSection(SolutionConfigurationPlatforms) = preSolution
		Debug|x64 = Debug|x64
		Release|x64 = Release|x64
	EndGlobalSection
	GlobalSection(ProjectConfigurationPlatforms) = postSolution
		{8894C5FA-0C5E-40D8-8FA2-EE2A9AFE528B}.Debug|x64.ActiveCfg = Debug|x64
		{8894C5FA-0C5E-40D8-8FA2-EE2A9AFE528B}.Debug|x64.Build.0 = Debug|x64
		{8894C5FA-0C5E-40D8-8FA2-EE2A9AFE528B}.Release|x64.ActiveCfg = Release|x64
		{8894C5FA-0C5E-40D8-8FA2-EE2A9AFE528B}.Release|x64.Build.0 = Release|x64
		{FE22CC37-176C-4AD8-94F5-E85216785E04}.Debug|x64.ActiveCfg = Debug|x64
		{FE22CC37-176C-4AD8-94F5-E85216785E04}.Debug|x64.Build.0 = Debug|x64
		{FE22CC37-176C-4AD8-94F5-E85216785E04}.Release|x64.ActiveCfg = Release|x64
		{FE22CC37-176C-4AD8-94F5-E85216785E04}.Release|x64.Build.0 = Release|x64
	EndGlobalSection
	GlobalSection(SolutionProperties) = preSolution
		HideSolutionNode = FALSE
	EndGlobalSection
EndGlobal
